
Microsoft Visual Studio Solution File, Format Version 12.00
# Visual Studio Version 16
VisualStudioVersion = 16.0.28809.33
MinimumVisualStudioVersion = 10.0.40219.1
Project("{9A19103F-16F7-4668-BE54-9A1E7A4F7556}") = "backend.Web", "backend.Web\backend.Web.csproj", "{9B5F3234-A60B-4141-95F4-5043050FE577}"
EndProject
Project("{9A19103F-16F7-4668-BE54-9A1E7A4F7556}") = "backend.Api", "backend.Api\backend.Api.csproj", "{8582C49B-43E8-4A1B-8BA7-115AE49A6383}"
EndProject
Project("{FAE04EC0-301F-11D3-BF4B-00C04F79EFBC}") = "backend.Core", "backend.Core\backend.Core.csproj", "{614C9442-40DD-475E-8674-B9D701F2C559}"
EndProject
Global
	GlobalSection(SolutionConfigurationPlatforms) = preSolution
		Debug|Any CPU = Debug|Any CPU
		Release|Any CPU = Release|Any CPU
	EndGlobalSection
	GlobalSection(ProjectConfigurationPlatforms) = postSolution
		{9B5F3234-A60B-4141-95F4-5043050FE577}.Debug|Any CPU.ActiveCfg = Debug|Any CPU
		{9B5F3234-A60B-4141-95F4-5043050FE577}.Debug|Any CPU.Build.0 = Debug|Any CPU
		{9B5F3234-A60B-4141-95F4-5043050FE577}.Release|Any CPU.ActiveCfg = Release|Any CPU
		{9B5F3234-A60B-4141-95F4-5043050FE577}.Release|Any CPU.Build.0 = Release|Any CPU
		{8582C49B-43E8-4A1B-8BA7-115AE49A6383}.Debug|Any CPU.ActiveCfg = Debug|Any CPU
		{8582C49B-43E8-4A1B-8BA7-115AE49A6383}.Debug|Any CPU.Build.0 = Debug|Any CPU
		{8582C49B-43E8-4A1B-8BA7-115AE49A6383}.Release|Any CPU.ActiveCfg = Release|Any CPU
		{8582C49B-43E8-4A1B-8BA7-115AE49A6383}.Release|Any CPU.Build.0 = Release|Any CPU
		{614C9442-40DD-475E-8674-B9D701F2C559}.Debug|Any CPU.ActiveCfg = Debug|Any CPU
		{614C9442-40DD-475E-8674-B9D701F2C559}.Debug|Any CPU.Build.0 = Debug|Any CPU
		{614C9442-40DD-475E-8674-B9D701F2C559}.Release|Any CPU.ActiveCfg = Release|Any CPU
		{614C9442-40DD-475E-8674-B9D701F2C559}.Release|Any CPU.Build.0 = Release|Any CPU
	EndGlobalSection
	GlobalSection(SolutionProperties) = preSolution
		HideSolutionNode = FALSE
	EndGlobalSection
	GlobalSection(ExtensibilityGlobals) = postSolution
		SolutionGuid = {E1522388-DEDE-4BDF-890B-E497D1C37325}
	EndGlobalSection
EndGlobal
